
Microsoft Visual Studio Solution File, Format Version 12.00
# Visual Studio Version 17
VisualStudioVersion = 17.12.35527.113 d17.12
MinimumVisualStudioVersion = 10.0.40219.1
Project("{FAE04EC0-301F-11D3-BF4B-00C04F79EFBC}") = "UserInterface", "A25 Ex05 Ohad 208783266 Ramez 209074491\UserInterface.csproj", "{8DCB0A5C-D885-45B6-8446-9052F4F385F9}"
EndProject
Project("{FAE04EC0-301F-11D3-BF4B-00C04F79EFBC}") = "GameEngine", "GameEngine\GameEngine.csproj", "{D9C26A0F-66FD-4F50-892A-9858CCFDA1CD}"
EndProject
Global
	GlobalSection(SolutionConfigurationPlatforms) = preSolution
		Debug|Any CPU = Debug|Any CPU
		Release|Any CPU = Release|Any CPU
	EndGlobalSection
	GlobalSection(ProjectConfigurationPlatforms) = postSolution
		{8DCB0A5C-D885-45B6-8446-9052F4F385F9}.Debug|Any CPU.ActiveCfg = Debug|Any CPU
		{8DCB0A5C-D885-45B6-8446-9052F4F385F9}.Debug|Any CPU.Build.0 = Debug|Any CPU
		{8DCB0A5C-D885-45B6-8446-9052F4F385F9}.Release|Any CPU.ActiveCfg = Release|Any CPU
		{8DCB0A5C-D885-45B6-8446-9052F4F385F9}.Release|Any CPU.Build.0 = Release|Any CPU
		{D9C26A0F-66FD-4F50-892A-9858CCFDA1CD}.Debug|Any CPU.ActiveCfg = Debug|Any CPU
		{D9C26A0F-66FD-4F50-892A-9858CCFDA1CD}.Debug|Any CPU.Build.0 = Debug|Any CPU
		{D9C26A0F-66FD-4F50-892A-9858CCFDA1CD}.Release|Any CPU.ActiveCfg = Release|Any CPU
		{D9C26A0F-66FD-4F50-892A-9858CCFDA1CD}.Release|Any CPU.Build.0 = Release|Any CPU
	EndGlobalSection
	GlobalSection(SolutionProperties) = preSolution
		HideSolutionNode = FALSE
	EndGlobalSection
EndGlobal
